// !$*UTF8*$!
{
	archiveVersion = 1;
	classes = {
	};
	objectVersion = 56;
	objects = {

/* Begin PBXBuildFile section */
		3C36707C29E98CF9006C673D /* WindDirHelper.swift in Sources */ = {isa = PBXBuildFile; fileRef = 3C36707B29E98CF9006C673D /* WindDirHelper.swift */; };
		3C4A11A529FF8C7A00EBA330 /* MainTemperatureLabel.swift in Sources */ = {isa = PBXBuildFile; fileRef = 3C4A11A429FF8C7A00EBA330 /* MainTemperatureLabel.swift */; };
		3CB85CC729ECEA950040DF81 /* WeatherStatusPanel.swift in Sources */ = {isa = PBXBuildFile; fileRef = 3CB85CC629ECEA950040DF81 /* WeatherStatusPanel.swift */; };
		3CB85CC929ECEAEE0040DF81 /* ViewModels.swift in Sources */ = {isa = PBXBuildFile; fileRef = 3CB85CC829ECEAEE0040DF81 /* ViewModels.swift */; };
		3CB85CCD29ED1BEE0040DF81 /* TemperaturePanel.swift in Sources */ = {isa = PBXBuildFile; fileRef = 3CB85CCC29ED1BEE0040DF81 /* TemperaturePanel.swift */; };
		3CB85CCF29ED1F150040DF81 /* LocationPanel.swift in Sources */ = {isa = PBXBuildFile; fileRef = 3CB85CCE29ED1F150040DF81 /* LocationPanel.swift */; };
		3CB85CD129ED22FE0040DF81 /* TemperatureLabel.swift in Sources */ = {isa = PBXBuildFile; fileRef = 3CB85CD029ED22FE0040DF81 /* TemperatureLabel.swift */; };
		3CB85CD329ED29650040DF81 /* Int+Extensions.swift in Sources */ = {isa = PBXBuildFile; fileRef = 3CB85CD229ED29650040DF81 /* Int+Extensions.swift */; };
		3CCD25C429E71FD0002CA6F8 /* WeatherellaApp.swift in Sources */ = {isa = PBXBuildFile; fileRef = 3CCD25C329E71FD0002CA6F8 /* WeatherellaApp.swift */; };
		3CCD25C829E71FD0002CA6F8 /* Assets.xcassets in Resources */ = {isa = PBXBuildFile; fileRef = 3CCD25C729E71FD0002CA6F8 /* Assets.xcassets */; };
		3CCD25CC29E71FD1002CA6F8 /* Preview Assets.xcassets in Resources */ = {isa = PBXBuildFile; fileRef = 3CCD25CB29E71FD1002CA6F8 /* Preview Assets.xcassets */; };
		3CCD25D529E7208C002CA6F8 /* london-hourly-summary.json in Resources */ = {isa = PBXBuildFile; fileRef = 3CCD25D429E7208C002CA6F8 /* london-hourly-summary.json */; };
		3CCD25D729E720A4002CA6F8 /* london-air-pollution.json in Resources */ = {isa = PBXBuildFile; fileRef = 3CCD25D629E720A4002CA6F8 /* london-air-pollution.json */; };
		3CCD25D929E720B6002CA6F8 /* Keys.swift in Sources */ = {isa = PBXBuildFile; fileRef = 3CCD25D829E720B6002CA6F8 /* Keys.swift */; };
		3CCD25DB29E72148002CA6F8 /* LocationHelper.swift in Sources */ = {isa = PBXBuildFile; fileRef = 3CCD25DA29E72148002CA6F8 /* LocationHelper.swift */; };
		3CCD25DD29E7219B002CA6F8 /* Double+Extensions.swift in Sources */ = {isa = PBXBuildFile; fileRef = 3CCD25DC29E7219B002CA6F8 /* Double+Extensions.swift */; };
		3CCD25E329E722CD002CA6F8 /* CurrentWeatherInfo.swift in Sources */ = {isa = PBXBuildFile; fileRef = 3CCD25E229E722CD002CA6F8 /* CurrentWeatherInfo.swift */; };
		3CCD25E529E722F2002CA6F8 /* WeatherCodables.swift in Sources */ = {isa = PBXBuildFile; fileRef = 3CCD25E429E722F2002CA6F8 /* WeatherCodables.swift */; };
		3CCD25E729E7234E002CA6F8 /* PollutionInfo.swift in Sources */ = {isa = PBXBuildFile; fileRef = 3CCD25E629E7234E002CA6F8 /* PollutionInfo.swift */; };
		3CCD25EA29E72380002CA6F8 /* AppWeatherData.swift in Sources */ = {isa = PBXBuildFile; fileRef = 3CCD25E929E72380002CA6F8 /* AppWeatherData.swift */; };
		3CCD25EE29E724CA002CA6F8 /* WeatherellaTabView.swift in Sources */ = {isa = PBXBuildFile; fileRef = 3CCD25ED29E724CA002CA6F8 /* WeatherellaTabView.swift */; };
		3CCD25F029E72503002CA6F8 /* CurrentWeatherView.swift in Sources */ = {isa = PBXBuildFile; fileRef = 3CCD25EF29E72503002CA6F8 /* CurrentWeatherView.swift */; };
		3CCD25F229E725AA002CA6F8 /* HomeView.swift in Sources */ = {isa = PBXBuildFile; fileRef = 3CCD25F129E725AA002CA6F8 /* HomeView.swift */; };
		3CCD25F429E725E6002CA6F8 /* HourlyView.swift in Sources */ = {isa = PBXBuildFile; fileRef = 3CCD25F329E725E6002CA6F8 /* HourlyView.swift */; };
		3CCD25F629E72613002CA6F8 /* ForecastView.swift in Sources */ = {isa = PBXBuildFile; fileRef = 3CCD25F529E72613002CA6F8 /* ForecastView.swift */; };
		3CCD25F829E72635002CA6F8 /* PollutionView.swift in Sources */ = {isa = PBXBuildFile; fileRef = 3CCD25F729E72635002CA6F8 /* PollutionView.swift */; };
		3CCD25FA29E72667002CA6F8 /* CountrySearchSheet.swift in Sources */ = {isa = PBXBuildFile; fileRef = 3CCD25F929E72667002CA6F8 /* CountrySearchSheet.swift */; };
		3CCD25FB29E728C5002CA6F8 /* london-current-weather.json in Resources */ = {isa = PBXBuildFile; fileRef = 3CCD25D329E72066002CA6F8 /* london-current-weather.json */; };
		3CE77B0E29FA503C002B0CD2 /* URLhelper.swift in Sources */ = {isa = PBXBuildFile; fileRef = 3CE77B0D29FA503C002B0CD2 /* URLhelper.swift */; };
/* End PBXBuildFile section */

/* Begin PBXFileReference section */
		3C36707B29E98CF9006C673D /* WindDirHelper.swift */ = {isa = PBXFileReference; fileEncoding = 4; lastKnownFileType = sourcecode.swift; path = WindDirHelper.swift; sourceTree = "<group>"; };
		3C4A11A429FF8C7A00EBA330 /* MainTemperatureLabel.swift */ = {isa = PBXFileReference; lastKnownFileType = sourcecode.swift; path = MainTemperatureLabel.swift; sourceTree = "<group>"; };
		3CB85CC629ECEA950040DF81 /* WeatherStatusPanel.swift */ = {isa = PBXFileReference; lastKnownFileType = sourcecode.swift; path = WeatherStatusPanel.swift; sourceTree = "<group>"; };
		3CB85CC829ECEAEE0040DF81 /* ViewModels.swift */ = {isa = PBXFileReference; lastKnownFileType = sourcecode.swift; path = ViewModels.swift; sourceTree = "<group>"; };
		3CB85CCC29ED1BEE0040DF81 /* TemperaturePanel.swift */ = {isa = PBXFileReference; lastKnownFileType = sourcecode.swift; path = TemperaturePanel.swift; sourceTree = "<group>"; };
		3CB85CCE29ED1F150040DF81 /* LocationPanel.swift */ = {isa = PBXFileReference; lastKnownFileType = sourcecode.swift; path = LocationPanel.swift; sourceTree = "<group>"; };
		3CB85CD029ED22FE0040DF81 /* TemperatureLabel.swift */ = {isa = PBXFileReference; lastKnownFileType = sourcecode.swift; path = TemperatureLabel.swift; sourceTree = "<group>"; };
		3CB85CD229ED29650040DF81 /* Int+Extensions.swift */ = {isa = PBXFileReference; lastKnownFileType = sourcecode.swift; path = "Int+Extensions.swift"; sourceTree = "<group>"; };
		3CCD25C029E71FD0002CA6F8 /* Weatherella.app */ = {isa = PBXFileReference; explicitFileType = wrapper.application; includeInIndex = 0; path = Weatherella.app; sourceTree = BUILT_PRODUCTS_DIR; };
		3CCD25C329E71FD0002CA6F8 /* WeatherellaApp.swift */ = {isa = PBXFileReference; lastKnownFileType = sourcecode.swift; path = WeatherellaApp.swift; sourceTree = "<group>"; };
		3CCD25C729E71FD0002CA6F8 /* Assets.xcassets */ = {isa = PBXFileReference; lastKnownFileType = folder.assetcatalog; path = Assets.xcassets; sourceTree = "<group>"; };
		3CCD25C929E71FD1002CA6F8 /* Weatherella.entitlements */ = {isa = PBXFileReference; lastKnownFileType = text.plist.entitlements; path = Weatherella.entitlements; sourceTree = "<group>"; };
		3CCD25CB29E71FD1002CA6F8 /* Preview Assets.xcassets */ = {isa = PBXFileReference; lastKnownFileType = folder.assetcatalog; path = "Preview Assets.xcassets"; sourceTree = "<group>"; };
		3CCD25D329E72066002CA6F8 /* london-current-weather.json */ = {isa = PBXFileReference; lastKnownFileType = text.json; path = "london-current-weather.json"; sourceTree = "<group>"; };
		3CCD25D429E7208C002CA6F8 /* london-hourly-summary.json */ = {isa = PBXFileReference; fileEncoding = 4; lastKnownFileType = text.json; path = "london-hourly-summary.json"; sourceTree = "<group>"; };
		3CCD25D629E720A4002CA6F8 /* london-air-pollution.json */ = {isa = PBXFileReference; fileEncoding = 4; lastKnownFileType = text.json; path = "london-air-pollution.json"; sourceTree = "<group>"; };
		3CCD25D829E720B6002CA6F8 /* Keys.swift */ = {isa = PBXFileReference; lastKnownFileType = sourcecode.swift; path = Keys.swift; sourceTree = "<group>"; };
		3CCD25DA29E72148002CA6F8 /* LocationHelper.swift */ = {isa = PBXFileReference; lastKnownFileType = sourcecode.swift; path = LocationHelper.swift; sourceTree = "<group>"; };
		3CCD25DC29E7219B002CA6F8 /* Double+Extensions.swift */ = {isa = PBXFileReference; lastKnownFileType = sourcecode.swift; path = "Double+Extensions.swift"; sourceTree = "<group>"; };
		3CCD25E229E722CD002CA6F8 /* CurrentWeatherInfo.swift */ = {isa = PBXFileReference; lastKnownFileType = sourcecode.swift; path = CurrentWeatherInfo.swift; sourceTree = "<group>"; };
		3CCD25E429E722F2002CA6F8 /* WeatherCodables.swift */ = {isa = PBXFileReference; lastKnownFileType = sourcecode.swift; path = WeatherCodables.swift; sourceTree = "<group>"; };
		3CCD25E629E7234E002CA6F8 /* PollutionInfo.swift */ = {isa = PBXFileReference; lastKnownFileType = sourcecode.swift; path = PollutionInfo.swift; sourceTree = "<group>"; };
		3CCD25E929E72380002CA6F8 /* AppWeatherData.swift */ = {isa = PBXFileReference; lastKnownFileType = sourcecode.swift; path = AppWeatherData.swift; sourceTree = "<group>"; };
		3CCD25ED29E724CA002CA6F8 /* WeatherellaTabView.swift */ = {isa = PBXFileReference; lastKnownFileType = sourcecode.swift; path = WeatherellaTabView.swift; sourceTree = "<group>"; };
		3CCD25EF29E72503002CA6F8 /* CurrentWeatherView.swift */ = {isa = PBXFileReference; lastKnownFileType = sourcecode.swift; path = CurrentWeatherView.swift; sourceTree = "<group>"; };
		3CCD25F129E725AA002CA6F8 /* HomeView.swift */ = {isa = PBXFileReference; lastKnownFileType = sourcecode.swift; path = HomeView.swift; sourceTree = "<group>"; };
		3CCD25F329E725E6002CA6F8 /* HourlyView.swift */ = {isa = PBXFileReference; lastKnownFileType = sourcecode.swift; path = HourlyView.swift; sourceTree = "<group>"; };
		3CCD25F529E72613002CA6F8 /* ForecastView.swift */ = {isa = PBXFileReference; lastKnownFileType = sourcecode.swift; path = ForecastView.swift; sourceTree = "<group>"; };
		3CCD25F729E72635002CA6F8 /* PollutionView.swift */ = {isa = PBXFileReference; lastKnownFileType = sourcecode.swift; path = PollutionView.swift; sourceTree = "<group>"; };
		3CCD25F929E72667002CA6F8 /* CountrySearchSheet.swift */ = {isa = PBXFileReference; lastKnownFileType = sourcecode.swift; path = CountrySearchSheet.swift; sourceTree = "<group>"; };
		3CE77B0D29FA503C002B0CD2 /* URLhelper.swift */ = {isa = PBXFileReference; lastKnownFileType = sourcecode.swift; path = URLhelper.swift; sourceTree = "<group>"; };
/* End PBXFileReference section */

/* Begin PBXFrameworksBuildPhase section */
		3CCD25BD29E71FD0002CA6F8 /* Frameworks */ = {
			isa = PBXFrameworksBuildPhase;
			buildActionMask = 2147483647;
			files = (
			);
			runOnlyForDeploymentPostprocessing = 0;
		};
/* End PBXFrameworksBuildPhase section */

/* Begin PBXGroup section */
		3C4A11A329FF79E000EBA330 /* Resources */ = {
			isa = PBXGroup;
			children = (
				3CCD25D629E720A4002CA6F8 /* london-air-pollution.json */,
				3CCD25D329E72066002CA6F8 /* london-current-weather.json */,
				3CCD25D429E7208C002CA6F8 /* london-hourly-summary.json */,
			);
			path = Resources;
			sourceTree = "<group>";
		};
		3CB85CC529ECEA580040DF81 /* Common */ = {
			isa = PBXGroup;
			children = (
				3CB85CC629ECEA950040DF81 /* WeatherStatusPanel.swift */,
				3CB85CCC29ED1BEE0040DF81 /* TemperaturePanel.swift */,
				3CB85CCE29ED1F150040DF81 /* LocationPanel.swift */,
				3CB85CD029ED22FE0040DF81 /* TemperatureLabel.swift */,
				3C4A11A429FF8C7A00EBA330 /* MainTemperatureLabel.swift */,
			);
			path = Common;
			sourceTree = "<group>";
		};
		3CCD25B729E71FCF002CA6F8 = {
			isa = PBXGroup;
			children = (
				3CCD25C229E71FD0002CA6F8 /* Weatherella */,
				3CCD25C129E71FD0002CA6F8 /* Products */,
			);
			sourceTree = "<group>";
		};
		3CCD25C129E71FD0002CA6F8 /* Products */ = {
			isa = PBXGroup;
			children = (
				3CCD25C029E71FD0002CA6F8 /* Weatherella.app */,
			);
			name = Products;
			sourceTree = "<group>";
		};
		3CCD25C229E71FD0002CA6F8 /* Weatherella */ = {
			isa = PBXGroup;
			children = (
				3C4A11A329FF79E000EBA330 /* Resources */,
				3CCD25EB29E72496002CA6F8 /* AppViews */,
				3CCD25E829E72368002CA6F8 /* Services */,
				3CCD25E129E722AE002CA6F8 /* AppModels */,
				3CCD25DE29E721B5002CA6F8 /* Main */,
				3CCD25D229E7202C002CA6F8 /* Utils */,
				3CCD25C729E71FD0002CA6F8 /* Assets.xcassets */,
				3CCD25C929E71FD1002CA6F8 /* Weatherella.entitlements */,
				3CCD25CA29E71FD1002CA6F8 /* Preview Content */,
			);
			path = Weatherella;
			sourceTree = "<group>";
		};
		3CCD25CA29E71FD1002CA6F8 /* Preview Content */ = {
			isa = PBXGroup;
			children = (
				3CCD25CB29E71FD1002CA6F8 /* Preview Assets.xcassets */,
			);
			path = "Preview Content";
			sourceTree = "<group>";
		};
		3CCD25D229E7202C002CA6F8 /* Utils */ = {
			isa = PBXGroup;
			children = (
				3C36707B29E98CF9006C673D /* WindDirHelper.swift */,
				3CCD25D829E720B6002CA6F8 /* Keys.swift */,
				3CCD25DA29E72148002CA6F8 /* LocationHelper.swift */,
				3CCD25DC29E7219B002CA6F8 /* Double+Extensions.swift */,
				3CB85CD229ED29650040DF81 /* Int+Extensions.swift */,
				3CE77B0D29FA503C002B0CD2 /* URLhelper.swift */,
			);
			path = Utils;
			sourceTree = "<group>";
		};
		3CCD25DE29E721B5002CA6F8 /* Main */ = {
			isa = PBXGroup;
			children = (
				3CCD25C329E71FD0002CA6F8 /* WeatherellaApp.swift */,
			);
			path = Main;
			sourceTree = "<group>";
		};
		3CCD25E129E722AE002CA6F8 /* AppModels */ = {
			isa = PBXGroup;
			children = (
				3CCD25E229E722CD002CA6F8 /* CurrentWeatherInfo.swift */,
				3CCD25E429E722F2002CA6F8 /* WeatherCodables.swift */,
				3CCD25E629E7234E002CA6F8 /* PollutionInfo.swift */,
				3CB85CC829ECEAEE0040DF81 /* ViewModels.swift */,
			);
			path = AppModels;
			sourceTree = "<group>";
		};
		3CCD25E829E72368002CA6F8 /* Services */ = {
			isa = PBXGroup;
			children = (
				3CCD25E929E72380002CA6F8 /* AppWeatherData.swift */,
			);
			path = Services;
			sourceTree = "<group>";
		};
		3CCD25EB29E72496002CA6F8 /* AppViews */ = {
			isa = PBXGroup;
			children = (
				3CB85CC529ECEA580040DF81 /* Common */,
				3CCD25EC29E724A4002CA6F8 /* Pages */,
			);
			path = AppViews;
			sourceTree = "<group>";
		};
		3CCD25EC29E724A4002CA6F8 /* Pages */ = {
			isa = PBXGroup;
			children = (
				3CCD25ED29E724CA002CA6F8 /* WeatherellaTabView.swift */,
				3CCD25EF29E72503002CA6F8 /* CurrentWeatherView.swift */,
				3CCD25F129E725AA002CA6F8 /* HomeView.swift */,
				3CCD25F329E725E6002CA6F8 /* HourlyView.swift */,
				3CCD25F529E72613002CA6F8 /* ForecastView.swift */,
				3CCD25F729E72635002CA6F8 /* PollutionView.swift */,
				3CCD25F929E72667002CA6F8 /* CountrySearchSheet.swift */,
			);
			path = Pages;
			sourceTree = "<group>";
		};
/* End PBXGroup section */

/* Begin PBXNativeTarget section */
		3CCD25BF29E71FD0002CA6F8 /* Weatherella */ = {
			isa = PBXNativeTarget;
			buildConfigurationList = 3CCD25CF29E71FD1002CA6F8 /* Build configuration list for PBXNativeTarget "Weatherella" */;
			buildPhases = (
				3CCD25BC29E71FD0002CA6F8 /* Sources */,
				3CCD25BD29E71FD0002CA6F8 /* Frameworks */,
				3CCD25BE29E71FD0002CA6F8 /* Resources */,
			);
			buildRules = (
			);
			dependencies = (
			);
			name = Weatherella;
			productName = Weatherella;
			productReference = 3CCD25C029E71FD0002CA6F8 /* Weatherella.app */;
			productType = "com.apple.product-type.application";
		};
/* End PBXNativeTarget section */

/* Begin PBXProject section */
		3CCD25B829E71FCF002CA6F8 /* Project object */ = {
			isa = PBXProject;
			attributes = {
				BuildIndependentTargetsInParallel = 1;
				LastSwiftUpdateCheck = 1430;
				LastUpgradeCheck = 1430;
				TargetAttributes = {
					3CCD25BF29E71FD0002CA6F8 = {
						CreatedOnToolsVersion = 14.3;
					};
				};
			};
			buildConfigurationList = 3CCD25BB29E71FCF002CA6F8 /* Build configuration list for PBXProject "Weatherella" */;
			compatibilityVersion = "Xcode 14.0";
			developmentRegion = en;
			hasScannedForEncodings = 0;
			knownRegions = (
				en,
				Base,
			);
			mainGroup = 3CCD25B729E71FCF002CA6F8;
			productRefGroup = 3CCD25C129E71FD0002CA6F8 /* Products */;
			projectDirPath = "";
			projectRoot = "";
			targets = (
				3CCD25BF29E71FD0002CA6F8 /* Weatherella */,
			);
		};
/* End PBXProject section */

/* Begin PBXResourcesBuildPhase section */
		3CCD25BE29E71FD0002CA6F8 /* Resources */ = {
			isa = PBXResourcesBuildPhase;
			buildActionMask = 2147483647;
			files = (
				3CCD25CC29E71FD1002CA6F8 /* Preview Assets.xcassets in Resources */,
				3CCD25D529E7208C002CA6F8 /* london-hourly-summary.json in Resources */,
				3CCD25C829E71FD0002CA6F8 /* Assets.xcassets in Resources */,
				3CCD25D729E720A4002CA6F8 /* london-air-pollution.json in Resources */,
				3CCD25FB29E728C5002CA6F8 /* london-current-weather.json in Resources */,
			);
			runOnlyForDeploymentPostprocessing = 0;
		};
/* End PBXResourcesBuildPhase section */

/* Begin PBXSourcesBuildPhase section */
		3CCD25BC29E71FD0002CA6F8 /* Sources */ = {
			isa = PBXSourcesBuildPhase;
			buildActionMask = 2147483647;
			files = (
				3CCD25F229E725AA002CA6F8 /* HomeView.swift in Sources */,
				3CCD25DB29E72148002CA6F8 /* LocationHelper.swift in Sources */,
				3CCD25E329E722CD002CA6F8 /* CurrentWeatherInfo.swift in Sources */,
				3CB85CCF29ED1F150040DF81 /* LocationPanel.swift in Sources */,
				3CCD25E729E7234E002CA6F8 /* PollutionInfo.swift in Sources */,
				3CCD25D929E720B6002CA6F8 /* Keys.swift in Sources */,
				3CCD25F429E725E6002CA6F8 /* HourlyView.swift in Sources */,
				3CB85CD329ED29650040DF81 /* Int+Extensions.swift in Sources */,
				3C4A11A529FF8C7A00EBA330 /* MainTemperatureLabel.swift in Sources */,
				3CB85CD129ED22FE0040DF81 /* TemperatureLabel.swift in Sources */,
				3CE77B0E29FA503C002B0CD2 /* URLhelper.swift in Sources */,
				3CCD25F829E72635002CA6F8 /* PollutionView.swift in Sources */,
				3CCD25F029E72503002CA6F8 /* CurrentWeatherView.swift in Sources */,
				3CCD25EE29E724CA002CA6F8 /* WeatherellaTabView.swift in Sources */,
				3CCD25EA29E72380002CA6F8 /* AppWeatherData.swift in Sources */,
				3CCD25E529E722F2002CA6F8 /* WeatherCodables.swift in Sources */,
				3CCD25F629E72613002CA6F8 /* ForecastView.swift in Sources */,
				3CB85CC929ECEAEE0040DF81 /* ViewModels.swift in Sources */,
				3CB85CC729ECEA950040DF81 /* WeatherStatusPanel.swift in Sources */,
				3CB85CCD29ED1BEE0040DF81 /* TemperaturePanel.swift in Sources */,
				3CCD25C429E71FD0002CA6F8 /* WeatherellaApp.swift in Sources */,
				3CCD25DD29E7219B002CA6F8 /* Double+Extensions.swift in Sources */,
				3CCD25FA29E72667002CA6F8 /* CountrySearchSheet.swift in Sources */,
				3C36707C29E98CF9006C673D /* WindDirHelper.swift in Sources */,
			);
			runOnlyForDeploymentPostprocessing = 0;
		};
/* End PBXSourcesBuildPhase section */

/* Begin XCBuildConfiguration section */
		3CCD25CD29E71FD1002CA6F8 /* Debug */ = {
			isa = XCBuildConfiguration;
			buildSettings = {
				ALWAYS_SEARCH_USER_PATHS = NO;
				CLANG_ANALYZER_NONNULL = YES;
				CLANG_ANALYZER_NUMBER_OBJECT_CONVERSION = YES_AGGRESSIVE;
				CLANG_CXX_LANGUAGE_STANDARD = "gnu++20";
				CLANG_ENABLE_MODULES = YES;
				CLANG_ENABLE_OBJC_ARC = YES;
				CLANG_ENABLE_OBJC_WEAK = YES;
				CLANG_WARN_BLOCK_CAPTURE_AUTORELEASING = YES;
				CLANG_WARN_BOOL_CONVERSION = YES;
				CLANG_WARN_COMMA = YES;
				CLANG_WARN_CONSTANT_CONVERSION = YES;
				CLANG_WARN_DEPRECATED_OBJC_IMPLEMENTATIONS = YES;
				CLANG_WARN_DIRECT_OBJC_ISA_USAGE = YES_ERROR;
				CLANG_WARN_DOCUMENTATION_COMMENTS = YES;
				CLANG_WARN_EMPTY_BODY = YES;
				CLANG_WARN_ENUM_CONVERSION = YES;
				CLANG_WARN_INFINITE_RECURSION = YES;
				CLANG_WARN_INT_CONVERSION = YES;
				CLANG_WARN_NON_LITERAL_NULL_CONVERSION = YES;
				CLANG_WARN_OBJC_IMPLICIT_RETAIN_SELF = YES;
				CLANG_WARN_OBJC_LITERAL_CONVERSION = YES;
				CLANG_WARN_OBJC_ROOT_CLASS = YES_ERROR;
				CLANG_WARN_QUOTED_INCLUDE_IN_FRAMEWORK_HEADER = YES;
				CLANG_WARN_RANGE_LOOP_ANALYSIS = YES;
				CLANG_WARN_STRICT_PROTOTYPES = YES;
				CLANG_WARN_SUSPICIOUS_MOVE = YES;
				CLANG_WARN_UNGUARDED_AVAILABILITY = YES_AGGRESSIVE;
				CLANG_WARN_UNREACHABLE_CODE = YES;
				CLANG_WARN__DUPLICATE_METHOD_MATCH = YES;
				COPY_PHASE_STRIP = NO;
				DEBUG_INFORMATION_FORMAT = dwarf;
				ENABLE_STRICT_OBJC_MSGSEND = YES;
				ENABLE_TESTABILITY = YES;
				GCC_C_LANGUAGE_STANDARD = gnu11;
				GCC_DYNAMIC_NO_PIC = NO;
				GCC_NO_COMMON_BLOCKS = YES;
				GCC_OPTIMIZATION_LEVEL = 0;
				GCC_PREPROCESSOR_DEFINITIONS = (
					"DEBUG=1",
					"$(inherited)",
				);
				GCC_WARN_64_TO_32_BIT_CONVERSION = YES;
				GCC_WARN_ABOUT_RETURN_TYPE = YES_ERROR;
				GCC_WARN_UNDECLARED_SELECTOR = YES;
				GCC_WARN_UNINITIALIZED_AUTOS = YES_AGGRESSIVE;
				GCC_WARN_UNUSED_FUNCTION = YES;
				GCC_WARN_UNUSED_VARIABLE = YES;
				MTL_ENABLE_DEBUG_INFO = INCLUDE_SOURCE;
				MTL_FAST_MATH = YES;
				ONLY_ACTIVE_ARCH = YES;
				SWIFT_ACTIVE_COMPILATION_CONDITIONS = DEBUG;
				SWIFT_OPTIMIZATION_LEVEL = "-Onone";
			};
			name = Debug;
		};
		3CCD25CE29E71FD1002CA6F8 /* Release */ = {
			isa = XCBuildConfiguration;
			buildSettings = {
				ALWAYS_SEARCH_USER_PATHS = NO;
				CLANG_ANALYZER_NONNULL = YES;
				CLANG_ANALYZER_NUMBER_OBJECT_CONVERSION = YES_AGGRESSIVE;
				CLANG_CXX_LANGUAGE_STANDARD = "gnu++20";
				CLANG_ENABLE_MODULES = YES;
				CLANG_ENABLE_OBJC_ARC = YES;
				CLANG_ENABLE_OBJC_WEAK = YES;
				CLANG_WARN_BLOCK_CAPTURE_AUTORELEASING = YES;
				CLANG_WARN_BOOL_CONVERSION = YES;
				CLANG_WARN_COMMA = YES;
				CLANG_WARN_CONSTANT_CONVERSION = YES;
				CLANG_WARN_DEPRECATED_OBJC_IMPLEMENTATIONS = YES;
				CLANG_WARN_DIRECT_OBJC_ISA_USAGE = YES_ERROR;
				CLANG_WARN_DOCUMENTATION_COMMENTS = YES;
				CLANG_WARN_EMPTY_BODY = YES;
				CLANG_WARN_ENUM_CONVERSION = YES;
				CLANG_WARN_INFINITE_RECURSION = YES;
				CLANG_WARN_INT_CONVERSION = YES;
				CLANG_WARN_NON_LITERAL_NULL_CONVERSION = YES;
				CLANG_WARN_OBJC_IMPLICIT_RETAIN_SELF = YES;
				CLANG_WARN_OBJC_LITERAL_CONVERSION = YES;
				CLANG_WARN_OBJC_ROOT_CLASS = YES_ERROR;
				CLANG_WARN_QUOTED_INCLUDE_IN_FRAMEWORK_HEADER = YES;
				CLANG_WARN_RANGE_LOOP_ANALYSIS = YES;
				CLANG_WARN_STRICT_PROTOTYPES = YES;
				CLANG_WARN_SUSPICIOUS_MOVE = YES;
				CLANG_WARN_UNGUARDED_AVAILABILITY = YES_AGGRESSIVE;
				CLANG_WARN_UNREACHABLE_CODE = YES;
				CLANG_WARN__DUPLICATE_METHOD_MATCH = YES;
				COPY_PHASE_STRIP = NO;
				DEBUG_INFORMATION_FORMAT = "dwarf-with-dsym";
				ENABLE_NS_ASSERTIONS = NO;
				ENABLE_STRICT_OBJC_MSGSEND = YES;
				GCC_C_LANGUAGE_STANDARD = gnu11;
				GCC_NO_COMMON_BLOCKS = YES;
				GCC_WARN_64_TO_32_BIT_CONVERSION = YES;
				GCC_WARN_ABOUT_RETURN_TYPE = YES_ERROR;
				GCC_WARN_UNDECLARED_SELECTOR = YES;
				GCC_WARN_UNINITIALIZED_AUTOS = YES_AGGRESSIVE;
				GCC_WARN_UNUSED_FUNCTION = YES;
				GCC_WARN_UNUSED_VARIABLE = YES;
				MTL_ENABLE_DEBUG_INFO = NO;
				MTL_FAST_MATH = YES;
				SWIFT_COMPILATION_MODE = wholemodule;
				SWIFT_OPTIMIZATION_LEVEL = "-O";
			};
			name = Release;
		};
		3CCD25D029E71FD1002CA6F8 /* Debug */ = {
			isa = XCBuildConfiguration;
			buildSettings = {
				ASSETCATALOG_COMPILER_APPICON_NAME = AppIcon;
				ASSETCATALOG_COMPILER_GLOBAL_ACCENT_COLOR_NAME = AccentColor;
				CODE_SIGN_ENTITLEMENTS = Weatherella/Weatherella.entitlements;
				CODE_SIGN_STYLE = Automatic;
				CURRENT_PROJECT_VERSION = 1;
				DEVELOPMENT_ASSET_PATHS = "\"Weatherella/Preview Content\"";
				ENABLE_PREVIEWS = YES;
				GENERATE_INFOPLIST_FILE = YES;
				"INFOPLIST_KEY_UIApplicationSceneManifest_Generation[sdk=iphoneos*]" = YES;
				"INFOPLIST_KEY_UIApplicationSceneManifest_Generation[sdk=iphonesimulator*]" = YES;
				"INFOPLIST_KEY_UIApplicationSupportsIndirectInputEvents[sdk=iphoneos*]" = YES;
				"INFOPLIST_KEY_UIApplicationSupportsIndirectInputEvents[sdk=iphonesimulator*]" = YES;
				"INFOPLIST_KEY_UILaunchScreen_Generation[sdk=iphoneos*]" = YES;
				"INFOPLIST_KEY_UILaunchScreen_Generation[sdk=iphonesimulator*]" = YES;
				"INFOPLIST_KEY_UIStatusBarStyle[sdk=iphoneos*]" = UIStatusBarStyleDefault;
				"INFOPLIST_KEY_UIStatusBarStyle[sdk=iphonesimulator*]" = UIStatusBarStyleDefault;
				INFOPLIST_KEY_UISupportedInterfaceOrientations_iPad = "UIInterfaceOrientationPortrait UIInterfaceOrientationPortraitUpsideDown UIInterfaceOrientationLandscapeLeft UIInterfaceOrientationLandscapeRight";
				INFOPLIST_KEY_UISupportedInterfaceOrientations_iPhone = "UIInterfaceOrientationPortrait UIInterfaceOrientationLandscapeLeft UIInterfaceOrientationLandscapeRight";
				IPHONEOS_DEPLOYMENT_TARGET = 16.4;
				LD_RUNPATH_SEARCH_PATHS = "@executable_path/Frameworks";
				"LD_RUNPATH_SEARCH_PATHS[sdk=macosx*]" = "@executable_path/../Frameworks";
				MACOSX_DEPLOYMENT_TARGET = 13.2;
				MARKETING_VERSION = 1.0;
				PRODUCT_BUNDLE_IDENTIFIER = sandaruk.Weatherella;
				PRODUCT_NAME = "$(TARGET_NAME)";
				SDKROOT = auto;
				SUPPORTED_PLATFORMS = "iphoneos iphonesimulator macosx";
				SWIFT_EMIT_LOC_STRINGS = YES;
				SWIFT_VERSION = 5.0;
				TARGETED_DEVICE_FAMILY = "1,2";
			};
			name = Debug;
		};
		3CCD25D129E71FD1002CA6F8 /* Release */ = {
			isa = XCBuildConfiguration;
			buildSettings = {
				ASSETCATALOG_COMPILER_APPICON_NAME = AppIcon;
				ASSETCATALOG_COMPILER_GLOBAL_ACCENT_COLOR_NAME = AccentColor;
				CODE_SIGN_ENTITLEMENTS = Weatherella/Weatherella.entitlements;
				CODE_SIGN_STYLE = Automatic;
				CURRENT_PROJECT_VERSION = 1;
				DEVELOPMENT_ASSET_PATHS = "\"Weatherella/Preview Content\"";
				ENABLE_PREVIEWS = YES;
				GENERATE_INFOPLIST_FILE = YES;
				"INFOPLIST_KEY_UIApplicationSceneManifest_Generation[sdk=iphoneos*]" = YES;
				"INFOPLIST_KEY_UIApplicationSceneManifest_Generation[sdk=iphonesimulator*]" = YES;
				"INFOPLIST_KEY_UIApplicationSupportsIndirectInputEvents[sdk=iphoneos*]" = YES;
				"INFOPLIST_KEY_UIApplicationSupportsIndirectInputEvents[sdk=iphonesimulator*]" = YES;
				"INFOPLIST_KEY_UILaunchScreen_Generation[sdk=iphoneos*]" = YES;
				"INFOPLIST_KEY_UILaunchScreen_Generation[sdk=iphonesimulator*]" = YES;
				"INFOPLIST_KEY_UIStatusBarStyle[sdk=iphoneos*]" = UIStatusBarStyleDefault;
				"INFOPLIST_KEY_UIStatusBarStyle[sdk=iphonesimulator*]" = UIStatusBarStyleDefault;
				INFOPLIST_KEY_UISupportedInterfaceOrientations_iPad = "UIInterfaceOrientationPortrait UIInterfaceOrientationPortraitUpsideDown UIInterfaceOrientationLandscapeLeft UIInterfaceOrientationLandscapeRight";
				INFOPLIST_KEY_UISupportedInterfaceOrientations_iPhone = "UIInterfaceOrientationPortrait UIInterfaceOrientationLandscapeLeft UIInterfaceOrientationLandscapeRight";
				IPHONEOS_DEPLOYMENT_TARGET = 16.4;
				LD_RUNPATH_SEARCH_PATHS = "@executable_path/Frameworks";
				"LD_RUNPATH_SEARCH_PATHS[sdk=macosx*]" = "@executable_path/../Frameworks";
				MACOSX_DEPLOYMENT_TARGET = 13.2;
				MARKETING_VERSION = 1.0;
				PRODUCT_BUNDLE_IDENTIFIER = sandaruk.Weatherella;
				PRODUCT_NAME = "$(TARGET_NAME)";
				SDKROOT = auto;
				SUPPORTED_PLATFORMS = "iphoneos iphonesimulator macosx";
				SWIFT_EMIT_LOC_STRINGS = YES;
				SWIFT_VERSION = 5.0;
				TARGETED_DEVICE_FAMILY = "1,2";
			};
			name = Release;
		};
/* End XCBuildConfiguration section */

/* Begin XCConfigurationList section */
		3CCD25BB29E71FCF002CA6F8 /* Build configuration list for PBXProject "Weatherella" */ = {
			isa = XCConfigurationList;
			buildConfigurations = (
				3CCD25CD29E71FD1002CA6F8 /* Debug */,
				3CCD25CE29E71FD1002CA6F8 /* Release */,
			);
			defaultConfigurationIsVisible = 0;
			defaultConfigurationName = Release;
		};
		3CCD25CF29E71FD1002CA6F8 /* Build configuration list for PBXNativeTarget "Weatherella" */ = {
			isa = XCConfigurationList;
			buildConfigurations = (
				3CCD25D029E71FD1002CA6F8 /* Debug */,
				3CCD25D129E71FD1002CA6F8 /* Release */,
			);
			defaultConfigurationIsVisible = 0;
			defaultConfigurationName = Release;
		};
/* End XCConfigurationList section */
	};
	rootObject = 3CCD25B829E71FCF002CA6F8 /* Project object */;
}
